
Microsoft Visual Studio Solution File, Format Version 12.00
# Visual Studio Version 17
VisualStudioVersion = 17.12.35506.116 d17.12
MinimumVisualStudioVersion = 10.0.40219.1
Project("{FAE04EC0-301F-11D3-BF4B-00C04F79EFBC}") = "FastFilmography", "FastFilmography\FastFilmography.csproj", "{95C3D61C-9B00-4F2A-9142-9A376A6962AB}"
EndProject
Project("{FAE04EC0-301F-11D3-BF4B-00C04F79EFBC}") = "FastFilmography.Client", "FastFilmography.Client\FastFilmography.Client.csproj", "{0098404A-2AAA-468B-A252-96D82F562A90}"
EndProject
Global
	GlobalSection(SolutionConfigurationPlatforms) = preSolution
		Debug|Any CPU = Debug|Any CPU
		Release|Any CPU = Release|Any CPU
	EndGlobalSection
	GlobalSection(ProjectConfigurationPlatforms) = postSolution
		{95C3D61C-9B00-4F2A-9142-9A376A6962AB}.Debug|Any CPU.ActiveCfg = Debug|Any CPU
		{95C3D61C-9B00-4F2A-9142-9A376A6962AB}.Debug|Any CPU.Build.0 = Debug|Any CPU
		{95C3D61C-9B00-4F2A-9142-9A376A6962AB}.Release|Any CPU.ActiveCfg = Release|Any CPU
		{95C3D61C-9B00-4F2A-9142-9A376A6962AB}.Release|Any CPU.Build.0 = Release|Any CPU
		{0098404A-2AAA-468B-A252-96D82F562A90}.Debug|Any CPU.ActiveCfg = Debug|Any CPU
		{0098404A-2AAA-468B-A252-96D82F562A90}.Debug|Any CPU.Build.0 = Debug|Any CPU
		{0098404A-2AAA-468B-A252-96D82F562A90}.Release|Any CPU.ActiveCfg = Release|Any CPU
		{0098404A-2AAA-468B-A252-96D82F562A90}.Release|Any CPU.Build.0 = Release|Any CPU
	EndGlobalSection
	GlobalSection(SolutionProperties) = preSolution
		HideSolutionNode = FALSE
	EndGlobalSection
EndGlobal
